
Microsoft Visual Studio Solution File, Format Version 12.00
# Visual Studio 15
VisualStudioVersion = 15.0.28307.572
MinimumVisualStudioVersion = 10.0.40219.1
Project("{E24C65DC-7377-472B-9ABA-BC803B73C61A}") = "pearwebsite", "pearwebsite\", "{7E0A4DFE-A87D-4B8B-A7D5-17C2D68AEEE3}"
	ProjectSection(WebsiteProperties) = preProject
		TargetFrameworkMoniker = ".NETFramework,Version%3Dv4.5.2"
		Debug.AspNetCompiler.VirtualPath = "/localhost_60359"
		Debug.AspNetCompiler.PhysicalPath = "pearwebsite\"
		Debug.AspNetCompiler.TargetPath = "PrecompiledWeb\localhost_60359\"
		Debug.AspNetCompiler.Updateable = "true"
		Debug.AspNetCompiler.ForceOverwrite = "true"
		Debug.AspNetCompiler.FixedNames = "false"
		Debug.AspNetCompiler.Debug = "True"
		Release.AspNetCompiler.VirtualPath = "/localhost_60359"
		Release.AspNetCompiler.PhysicalPath = "pearwebsite\"
		Release.AspNetCompiler.TargetPath = "PrecompiledWeb\localhost_60359\"
		Release.AspNetCompiler.Updateable = "true"
		Release.AspNetCompiler.ForceOverwrite = "true"
		Release.AspNetCompiler.FixedNames = "false"
		Release.AspNetCompiler.Debug = "False"
		VWDPort = "60359"
		SlnRelativePath = "pearwebsite\"
	EndProjectSection
EndProject
Global
	GlobalSection(SolutionConfigurationPlatforms) = preSolution
		Debug|Any CPU = Debug|Any CPU
	EndGlobalSection
	GlobalSection(ProjectConfigurationPlatforms) = postSolution
		{7E0A4DFE-A87D-4B8B-A7D5-17C2D68AEEE3}.Debug|Any CPU.ActiveCfg = Debug|Any CPU
		{7E0A4DFE-A87D-4B8B-A7D5-17C2D68AEEE3}.Debug|Any CPU.Build.0 = Debug|Any CPU
	EndGlobalSection
	GlobalSection(SolutionProperties) = preSolution
		HideSolutionNode = FALSE
	EndGlobalSection
	GlobalSection(ExtensibilityGlobals) = postSolution
		SolutionGuid = {E5F3A4A9-2EF1-419C-A0F4-F9FD9E3A2269}
	EndGlobalSection
EndGlobal
